
Microsoft Visual Studio Solution File, Format Version 12.00
# Visual Studio Version 17
VisualStudioVersion = 17.4.33110.190
MinimumVisualStudioVersion = 10.0.40219.1
Project("{FAE04EC0-301F-11D3-BF4B-00C04F79EFBC}") = "Project", "Project.csproj", "{BD589A55-2E35-444D-BAEC-5F8440192185}"
EndProject
Global
	GlobalSection(SolutionConfigurationPlatforms) = preSolution
		Debug|Any CPU = Debug|Any CPU
		Release|Any CPU = Release|Any CPU
	EndGlobalSection
	GlobalSection(ProjectConfigurationPlatforms) = postSolution
		{BD589A55-2E35-444D-BAEC-5F8440192185}.Debug|Any CPU.ActiveCfg = Debug|Any CPU
		{BD589A55-2E35-444D-BAEC-5F8440192185}.Debug|Any CPU.Build.0 = Debug|Any CPU
		{BD589A55-2E35-444D-BAEC-5F8440192185}.Release|Any CPU.ActiveCfg = Release|Any CPU
		{BD589A55-2E35-444D-BAEC-5F8440192185}.Release|Any CPU.Build.0 = Release|Any CPU
	EndGlobalSection
	GlobalSection(SolutionProperties) = preSolution
		HideSolutionNode = FALSE
	EndGlobalSection
	GlobalSection(ExtensibilityGlobals) = postSolution
		SolutionGuid = {5E518BE3-7094-47B8-8E30-B8B083892D5F}
	EndGlobalSection
EndGlobal
